
Microsoft Visual Studio Solution File, Format Version 12.00
# Visual Studio 15
Project("{FAE04EC0-301F-11D3-BF4B-00C04F79EFBC}") = "com.sony.mocopi.receiver", "com.sony.mocopi.receiver.csproj", "{D4399B43-A61F-5EB8-5F5A-8B5A452B61EE}"
EndProject
Project("{FAE04EC0-301F-11D3-BF4B-00C04F79EFBC}") = "Assembly-CSharp", "Assembly-CSharp.csproj", "{75041C93-C80E-6667-A586-BCC5F9AEF764}"
EndProject
Global
	GlobalSection(SolutionConfigurationPlatforms) = preSolution
		Debug|Any CPU = Debug|Any CPU
		Release|Any CPU = Release|Any CPU
	EndGlobalSection
	GlobalSection(ProjectConfigurationPlatforms) = postSolution
		{D4399B43-A61F-5EB8-5F5A-8B5A452B61EE}.Debug|Any CPU.ActiveCfg = Debug|Any CPU
		{D4399B43-A61F-5EB8-5F5A-8B5A452B61EE}.Debug|Any CPU.Build.0 = Debug|Any CPU
		{D4399B43-A61F-5EB8-5F5A-8B5A452B61EE}.Release|Any CPU.ActiveCfg = Release|Any CPU
		{D4399B43-A61F-5EB8-5F5A-8B5A452B61EE}.Release|Any CPU.Build.0 = Release|Any CPU
		{75041C93-C80E-6667-A586-BCC5F9AEF764}.Debug|Any CPU.ActiveCfg = Debug|Any CPU
		{75041C93-C80E-6667-A586-BCC5F9AEF764}.Debug|Any CPU.Build.0 = Debug|Any CPU
		{75041C93-C80E-6667-A586-BCC5F9AEF764}.Release|Any CPU.ActiveCfg = Release|Any CPU
		{75041C93-C80E-6667-A586-BCC5F9AEF764}.Release|Any CPU.Build.0 = Release|Any CPU
	EndGlobalSection
	GlobalSection(SolutionProperties) = preSolution
		HideSolutionNode = FALSE
	EndGlobalSection
EndGlobal
